
Microsoft Visual Studio Solution File, Format Version 12.00
# Visual Studio Version 17
VisualStudioVersion = 17.14.35906.104 d17.14
MinimumVisualStudioVersion = 10.0.40219.1
Project("{FAE04EC0-301F-11D3-BF4B-00C04F79EFBC}") = "SimpleFavoriteCartoonFormApp", "SimpleFavoriteCartoonFormApp\SimpleFavoriteCartoonFormApp.csproj", "{227A1B32-2237-4133-B64E-006438931686}"
EndProject
Global
	GlobalSection(SolutionConfigurationPlatforms) = preSolution
		Debug|Any CPU = Debug|Any CPU
		Release|Any CPU = Release|Any CPU
	EndGlobalSection
	GlobalSection(ProjectConfigurationPlatforms) = postSolution
		{227A1B32-2237-4133-B64E-006438931686}.Debug|Any CPU.ActiveCfg = Debug|Any CPU
		{227A1B32-2237-4133-B64E-006438931686}.Debug|Any CPU.Build.0 = Debug|Any CPU
		{227A1B32-2237-4133-B64E-006438931686}.Release|Any CPU.ActiveCfg = Release|Any CPU
		{227A1B32-2237-4133-B64E-006438931686}.Release|Any CPU.Build.0 = Release|Any CPU
	EndGlobalSection
	GlobalSection(SolutionProperties) = preSolution
		HideSolutionNode = FALSE
	EndGlobalSection
	GlobalSection(ExtensibilityGlobals) = postSolution
		SolutionGuid = {F747F21C-7714-479F-9BF6-347BC1C3A9DD}
	EndGlobalSection
EndGlobal
